
Microsoft Visual Studio Solution File, Format Version 11.00
# Visual Studio 2010
Project("{FAE04EC0-301F-11D3-BF4B-00C04F79EFBC}") = "BackSupport", "BackSupport\BackSupport.csproj", "{6AABF378-A168-4A72-AF5C-34796E3926B9}"
EndProject
Project("{FAE04EC0-301F-11D3-BF4B-00C04F79EFBC}") = "BackSupportTests", "BackSupportTests\BackSupportTests.csproj", "{DA3892C0-15BB-4E2E-A701-B86FCFE32884}"
EndProject
Global
	GlobalSection(SolutionConfigurationPlatforms) = preSolution
		Debug|Any CPU = Debug|Any CPU
		Release|Any CPU = Release|Any CPU
	EndGlobalSection
	GlobalSection(ProjectConfigurationPlatforms) = postSolution
		{6AABF378-A168-4A72-AF5C-34796E3926B9}.Debug|Any CPU.ActiveCfg = Debug|Any CPU
		{6AABF378-A168-4A72-AF5C-34796E3926B9}.Debug|Any CPU.Build.0 = Debug|Any CPU
		{6AABF378-A168-4A72-AF5C-34796E3926B9}.Release|Any CPU.ActiveCfg = Release|Any CPU
		{6AABF378-A168-4A72-AF5C-34796E3926B9}.Release|Any CPU.Build.0 = Release|Any CPU
		{DA3892C0-15BB-4E2E-A701-B86FCFE32884}.Debug|Any CPU.ActiveCfg = Debug|Any CPU
		{DA3892C0-15BB-4E2E-A701-B86FCFE32884}.Debug|Any CPU.Build.0 = Debug|Any CPU
		{DA3892C0-15BB-4E2E-A701-B86FCFE32884}.Release|Any CPU.ActiveCfg = Release|Any CPU
		{DA3892C0-15BB-4E2E-A701-B86FCFE32884}.Release|Any CPU.Build.0 = Release|Any CPU
	EndGlobalSection
	GlobalSection(SolutionProperties) = preSolution
		HideSolutionNode = FALSE
	EndGlobalSection
EndGlobal
